
Microsoft Visual Studio Solution File, Format Version 12.00
# Visual Studio Version 17
VisualStudioVersion = 17.5.33516.290
MinimumVisualStudioVersion = 10.0.40219.1
Project("{FAE04EC0-301F-11D3-BF4B-00C04F79EFBC}") = "DemoVersioning.Core", "src\DemoVersioning.Core\DemoVersioning.Core.csproj", "{9CFB51DD-9C05-4CA0-A27B-1DB7DAEDDF4E}"
EndProject
Project("{FAE04EC0-301F-11D3-BF4B-00C04F79EFBC}") = "Demo.Versioning.App", "src\Demo.Versioning.App\Demo.Versioning.App.csproj", "{168CF6BC-482C-4423-90B1-68219F467EC1}"
EndProject
Global
	GlobalSection(SolutionConfigurationPlatforms) = preSolution
		Debug|Any CPU = Debug|Any CPU
		Release|Any CPU = Release|Any CPU
	EndGlobalSection
	GlobalSection(ProjectConfigurationPlatforms) = postSolution
		{9CFB51DD-9C05-4CA0-A27B-1DB7DAEDDF4E}.Debug|Any CPU.ActiveCfg = Debug|Any CPU
		{9CFB51DD-9C05-4CA0-A27B-1DB7DAEDDF4E}.Debug|Any CPU.Build.0 = Debug|Any CPU
		{9CFB51DD-9C05-4CA0-A27B-1DB7DAEDDF4E}.Release|Any CPU.ActiveCfg = Release|Any CPU
		{9CFB51DD-9C05-4CA0-A27B-1DB7DAEDDF4E}.Release|Any CPU.Build.0 = Release|Any CPU
		{168CF6BC-482C-4423-90B1-68219F467EC1}.Debug|Any CPU.ActiveCfg = Debug|Any CPU
		{168CF6BC-482C-4423-90B1-68219F467EC1}.Debug|Any CPU.Build.0 = Debug|Any CPU
		{168CF6BC-482C-4423-90B1-68219F467EC1}.Release|Any CPU.ActiveCfg = Release|Any CPU
		{168CF6BC-482C-4423-90B1-68219F467EC1}.Release|Any CPU.Build.0 = Release|Any CPU
	EndGlobalSection
	GlobalSection(SolutionProperties) = preSolution
		HideSolutionNode = FALSE
	EndGlobalSection
	GlobalSection(ExtensibilityGlobals) = postSolution
		SolutionGuid = {4182AA94-7424-4C31-935F-37E37C0B4054}
	EndGlobalSection
EndGlobal
